<?xml version="1.0" encoding="utf-8"?>
<Project ToolsVersion="4.0" xmlns="http://schemas.microsoft.com/developer/msbuild/2003">
  <ItemGroup>
    <Filter Include="src">
      <UniqueIdentifier>{17ee6868-7655-44d6-87ac-eecbbb35487d}</UniqueIdentifier>
    </Filter>
  </ItemGroup>
  <ItemGroup>
    <ClCompile Include="src\main.cpp">
      <Filter>src</Filter>
    </ClCompile>
    <ClCompile Include="src\UciHandler.cpp">
      <Filter>src</Filter>
    </ClCompile>
    <ClCompile Include="src\Board.cpp">
      <Filter>src</Filter>
    </ClCompile>
    <ClCompile Include="src\Piece.cpp">
      <Filter>src</Filter>
    </ClCompile>
    <ClCompile Include="src\Engine.cpp">
      <Filter>src</Filter>
    </ClCompile>
    <ClCompile Include="src\EngineController.cpp">
      <Filter>src</Filter>
    </ClCompile>
    <ClCompile Include="src\FenParser.cpp">
      <Filter>src</Filter>
    </ClCompile>
  </ItemGroup>
  <ItemGroup>
    <ClInclude Include="src\UciHandler.h">
      <Filter>src</Filter>
    </ClInclude>
    <ClInclude Include="src\Board.h">
      <Filter>src</Filter>
    </ClInclude>
    <ClInclude Include="src\Piece.h">
      <Filter>src</Filter>
    </ClInclude>
    <ClInclude Include="src\Engine.h">
      <Filter>src</Filter>
    </ClInclude>
    <ClInclude Include="src\EngineController.h">
      <Filter>src</Filter>
    </ClInclude>
    <ClInclude Include="src\FenParser.h">
      <Filter>src</Filter>
    </ClInclude>
  </ItemGroup>
</Project>